<?xml version="1.0" encoding="utf-8"?>
<!DOCTYPE documentInfo>
<documentInfo url="/media/jmar>
 <generalInfo>
  <history>
   <oldPage viewport="0;C2:0.49966:0.940756:1"/>
   <oldPage viewport="1;C2:0.49966:0.0265577:1"/>
   <current viewport="0;C2:0.49966:0.787538:1"/>
  </history>
  <views>
   <view name="PageView">
    <zoom value="2.44833" mode="1"/>
   </view>
  </views>
 </generalInfo>
</documentInfo>
